
Microsoft Visual Studio Solution File, Format Version 12.00
# Visual Studio Version 17
VisualStudioVersion = 17.14.36408.4
MinimumVisualStudioVersion = 10.0.40219.1
Project("{FAE04EC0-301F-11D3-BF4B-00C04F79EFBC}") = "Recap", "Recap\Recap.csproj", "{F8E95BB3-7EC1-460B-A20D-72CD197A2ACA}"
EndProject
Project("{FAE04EC0-301F-11D3-BF4B-00C04F79EFBC}") = "Recap.Tests", "Recap.Tests\Recap.Tests.csproj", "{63008D8C-3F6E-4812-9E74-3FA6B5280135}"
EndProject
Global
	GlobalSection(SolutionConfigurationPlatforms) = preSolution
		Debug|Any CPU = Debug|Any CPU
		Debug|x64 = Debug|x64
		Debug|x86 = Debug|x86
		Release|Any CPU = Release|Any CPU
		Release|x64 = Release|x64
		Release|x86 = Release|x86
	EndGlobalSection
	GlobalSection(ProjectConfigurationPlatforms) = postSolution
		{F8E95BB3-7EC1-460B-A20D-72CD197A2ACA}.Debug|Any CPU.ActiveCfg = Debug|Any CPU
		{F8E95BB3-7EC1-460B-A20D-72CD197A2ACA}.Debug|Any CPU.Build.0 = Debug|Any CPU
		{F8E95BB3-7EC1-460B-A20D-72CD197A2ACA}.Debug|x64.ActiveCfg = Debug|x64
		{F8E95BB3-7EC1-460B-A20D-72CD197A2ACA}.Debug|x64.Build.0 = Debug|x64
		{F8E95BB3-7EC1-460B-A20D-72CD197A2ACA}.Debug|x86.ActiveCfg = Debug|Any CPU
		{F8E95BB3-7EC1-460B-A20D-72CD197A2ACA}.Debug|x86.Build.0 = Debug|Any CPU
		{F8E95BB3-7EC1-460B-A20D-72CD197A2ACA}.Release|Any CPU.ActiveCfg = Release|Any CPU
		{F8E95BB3-7EC1-460B-A20D-72CD197A2ACA}.Release|Any CPU.Build.0 = Release|Any CPU
		{F8E95BB3-7EC1-460B-A20D-72CD197A2ACA}.Release|x64.ActiveCfg = Release|x64
		{F8E95BB3-7EC1-460B-A20D-72CD197A2ACA}.Release|x64.Build.0 = Release|x64
		{F8E95BB3-7EC1-460B-A20D-72CD197A2ACA}.Release|x86.ActiveCfg = Release|Any CPU
		{F8E95BB3-7EC1-460B-A20D-72CD197A2ACA}.Release|x86.Build.0 = Release|Any CPU
		{63008D8C-3F6E-4812-9E74-3FA6B5280135}.Debug|Any CPU.ActiveCfg = Debug|Any CPU
		{63008D8C-3F6E-4812-9E74-3FA6B5280135}.Debug|Any CPU.Build.0 = Debug|Any CPU
		{63008D8C-3F6E-4812-9E74-3FA6B5280135}.Debug|x64.ActiveCfg = Debug|x64
		{63008D8C-3F6E-4812-9E74-3FA6B5280135}.Debug|x64.Build.0 = Debug|x64
		{63008D8C-3F6E-4812-9E74-3FA6B5280135}.Debug|x86.ActiveCfg = Debug|Any CPU
		{63008D8C-3F6E-4812-9E74-3FA6B5280135}.Debug|x86.Build.0 = Debug|Any CPU
		{63008D8C-3F6E-4812-9E74-3FA6B5280135}.Release|Any CPU.ActiveCfg = Release|Any CPU
		{63008D8C-3F6E-4812-9E74-3FA6B5280135}.Release|Any CPU.Build.0 = Release|Any CPU
		{63008D8C-3F6E-4812-9E74-3FA6B5280135}.Release|x64.ActiveCfg = Release|x64
		{63008D8C-3F6E-4812-9E74-3FA6B5280135}.Release|x64.Build.0 = Release|x64
		{63008D8C-3F6E-4812-9E74-3FA6B5280135}.Release|x86.ActiveCfg = Release|Any CPU
		{63008D8C-3F6E-4812-9E74-3FA6B5280135}.Release|x86.Build.0 = Release|Any CPU
	EndGlobalSection
	GlobalSection(SolutionProperties) = preSolution
		HideSolutionNode = FALSE
	EndGlobalSection
	GlobalSection(ExtensibilityGlobals) = postSolution
		SolutionGuid = {17A9B2E8-7970-4070-B405-0E85D10D5742}
	EndGlobalSection
EndGlobal
